// !$*UTF8*$!
{
	archiveVersion = 1;
	classes = {
	};
	objectVersion = 51;
	objects = {

/* Begin PBXBuildFile section */
		839AB01AED5AA41B323FD6CC /* Pods_GitFind.framework in Frameworks */ = {isa = PBXBuildFile; fileRef = E532BFF76B7F16899ECDBB90 /* Pods_GitFind.framework */; };
		B841572022FE5C510065B5F4 /* AppDelegate.swift in Sources */ = {isa = PBXBuildFile; fileRef = B841571F22FE5C510065B5F4 /* AppDelegate.swift */; };
		B841572722FE5C520065B5F4 /* Assets.xcassets in Resources */ = {isa = PBXBuildFile; fileRef = B841572622FE5C520065B5F4 /* Assets.xcassets */; };
		B841572A22FE5C520065B5F4 /* LaunchScreen.storyboard in Resources */ = {isa = PBXBuildFile; fileRef = B841572822FE5C520065B5F4 /* LaunchScreen.storyboard */; };
		B841573722FE5E310065B5F4 /* User.swift in Sources */ = {isa = PBXBuildFile; fileRef = B841573622FE5E310065B5F4 /* User.swift */; };
		B841573E22FE605A0065B5F4 /* MainPresenter.swift in Sources */ = {isa = PBXBuildFile; fileRef = B841573D22FE605A0065B5F4 /* MainPresenter.swift */; };
		B841574422FE61A00065B5F4 /* MainViewController.swift in Sources */ = {isa = PBXBuildFile; fileRef = B841574222FE61A00065B5F4 /* MainViewController.swift */; };
		B841574522FE61A00065B5F4 /* MainViewController.xib in Resources */ = {isa = PBXBuildFile; fileRef = B841574322FE61A00065B5F4 /* MainViewController.xib */; };
		B841574922FE69B80065B5F4 /* MainTableViewCell.swift in Sources */ = {isa = PBXBuildFile; fileRef = B841574722FE69B80065B5F4 /* MainTableViewCell.swift */; };
		B841574A22FE69B80065B5F4 /* MainTableViewCell.xib in Resources */ = {isa = PBXBuildFile; fileRef = B841574822FE69B80065B5F4 /* MainTableViewCell.xib */; };
		B841574F22FE75360065B5F4 /* ReusableCells.swift in Sources */ = {isa = PBXBuildFile; fileRef = B841574E22FE75360065B5F4 /* ReusableCells.swift */; };
		B841575422FE925B0065B5F4 /* UserRequest.swift in Sources */ = {isa = PBXBuildFile; fileRef = B841575322FE925B0065B5F4 /* UserRequest.swift */; };
		B89C10652303A2E20025246F /* Repo.swift in Sources */ = {isa = PBXBuildFile; fileRef = B89C10642303A2E20025246F /* Repo.swift */; };
		B89C10672304BA060025246F /* RepoRequest.swift in Sources */ = {isa = PBXBuildFile; fileRef = B89C10662304BA060025246F /* RepoRequest.swift */; };
		B89C106B2304D1B80025246F /* UserDetailsViewController.swift in Sources */ = {isa = PBXBuildFile; fileRef = B89C10692304D1B80025246F /* UserDetailsViewController.swift */; };
		B89C106C2304D1B80025246F /* UserDetailsViewController.xib in Resources */ = {isa = PBXBuildFile; fileRef = B89C106A2304D1B80025246F /* UserDetailsViewController.xib */; };
		B89C106E2304D3060025246F /* UserDetailsPresenter.swift in Sources */ = {isa = PBXBuildFile; fileRef = B89C106D2304D3060025246F /* UserDetailsPresenter.swift */; };
		B89C10722304D5C40025246F /* UserDetailsTableViewCell.swift in Sources */ = {isa = PBXBuildFile; fileRef = B89C10702304D5C40025246F /* UserDetailsTableViewCell.swift */; };
		B89C10732304D5C40025246F /* UserDetailsTableViewCell.xib in Resources */ = {isa = PBXBuildFile; fileRef = B89C10712304D5C40025246F /* UserDetailsTableViewCell.xib */; };
/* End PBXBuildFile section */

/* Begin PBXFileReference section */
		1B53C42BDC64626A64D97CBB /* Pods-GitFind.debug.xcconfig */ = {isa = PBXFileReference; includeInIndex = 1; lastKnownFileType = text.xcconfig; name = "Pods-GitFind.debug.xcconfig"; path = "Target Support Files/Pods-GitFind/Pods-GitFind.debug.xcconfig"; sourceTree = "<group>"; };
		B841571C22FE5C510065B5F4 /* GitFind.app */ = {isa = PBXFileReference; explicitFileType = wrapper.application; includeInIndex = 0; path = GitFind.app; sourceTree = BUILT_PRODUCTS_DIR; };
		B841571F22FE5C510065B5F4 /* AppDelegate.swift */ = {isa = PBXFileReference; lastKnownFileType = sourcecode.swift; path = AppDelegate.swift; sourceTree = "<group>"; };
		B841572622FE5C520065B5F4 /* Assets.xcassets */ = {isa = PBXFileReference; lastKnownFileType = folder.assetcatalog; path = Assets.xcassets; sourceTree = "<group>"; };
		B841572922FE5C520065B5F4 /* Base */ = {isa = PBXFileReference; lastKnownFileType = file.storyboard; name = Base; path = Base.lproj/LaunchScreen.storyboard; sourceTree = "<group>"; };
		B841572B22FE5C520065B5F4 /* Info.plist */ = {isa = PBXFileReference; lastKnownFileType = text.plist.xml; path = Info.plist; sourceTree = "<group>"; };
		B841573622FE5E310065B5F4 /* User.swift */ = {isa = PBXFileReference; lastKnownFileType = sourcecode.swift; path = User.swift; sourceTree = "<group>"; };
		B841573D22FE605A0065B5F4 /* MainPresenter.swift */ = {isa = PBXFileReference; lastKnownFileType = sourcecode.swift; path = MainPresenter.swift; sourceTree = "<group>"; };
		B841574222FE61A00065B5F4 /* MainViewController.swift */ = {isa = PBXFileReference; lastKnownFileType = sourcecode.swift; path = MainViewController.swift; sourceTree = "<group>"; };
		B841574322FE61A00065B5F4 /* MainViewController.xib */ = {isa = PBXFileReference; lastKnownFileType = file.xib; path = MainViewController.xib; sourceTree = "<group>"; };
		B841574722FE69B80065B5F4 /* MainTableViewCell.swift */ = {isa = PBXFileReference; lastKnownFileType = sourcecode.swift; path = MainTableViewCell.swift; sourceTree = "<group>"; };
		B841574822FE69B80065B5F4 /* MainTableViewCell.xib */ = {isa = PBXFileReference; lastKnownFileType = file.xib; path = MainTableViewCell.xib; sourceTree = "<group>"; };
		B841574E22FE75360065B5F4 /* ReusableCells.swift */ = {isa = PBXFileReference; fileEncoding = 4; lastKnownFileType = sourcecode.swift; path = ReusableCells.swift; sourceTree = "<group>"; };
		B841575322FE925B0065B5F4 /* UserRequest.swift */ = {isa = PBXFileReference; lastKnownFileType = sourcecode.swift; path = UserRequest.swift; sourceTree = "<group>"; };
		B89C10642303A2E20025246F /* Repo.swift */ = {isa = PBXFileReference; lastKnownFileType = sourcecode.swift; path = Repo.swift; sourceTree = "<group>"; };
		B89C10662304BA060025246F /* RepoRequest.swift */ = {isa = PBXFileReference; lastKnownFileType = sourcecode.swift; path = RepoRequest.swift; sourceTree = "<group>"; };
		B89C10692304D1B80025246F /* UserDetailsViewController.swift */ = {isa = PBXFileReference; lastKnownFileType = sourcecode.swift; path = UserDetailsViewController.swift; sourceTree = "<group>"; };
		B89C106A2304D1B80025246F /* UserDetailsViewController.xib */ = {isa = PBXFileReference; lastKnownFileType = file.xib; path = UserDetailsViewController.xib; sourceTree = "<group>"; };
		B89C106D2304D3060025246F /* UserDetailsPresenter.swift */ = {isa = PBXFileReference; lastKnownFileType = sourcecode.swift; path = UserDetailsPresenter.swift; sourceTree = "<group>"; };
		B89C10702304D5C40025246F /* UserDetailsTableViewCell.swift */ = {isa = PBXFileReference; lastKnownFileType = sourcecode.swift; path = UserDetailsTableViewCell.swift; sourceTree = "<group>"; };
		B89C10712304D5C40025246F /* UserDetailsTableViewCell.xib */ = {isa = PBXFileReference; lastKnownFileType = file.xib; path = UserDetailsTableViewCell.xib; sourceTree = "<group>"; };
		CD2082155BE4CEBB88EAC075 /* Pods-GitFind.release.xcconfig */ = {isa = PBXFileReference; includeInIndex = 1; lastKnownFileType = text.xcconfig; name = "Pods-GitFind.release.xcconfig"; path = "Target Support Files/Pods-GitFind/Pods-GitFind.release.xcconfig"; sourceTree = "<group>"; };
		E532BFF76B7F16899ECDBB90 /* Pods_GitFind.framework */ = {isa = PBXFileReference; explicitFileType = wrapper.framework; includeInIndex = 0; path = Pods_GitFind.framework; sourceTree = BUILT_PRODUCTS_DIR; };
/* End PBXFileReference section */

/* Begin PBXFrameworksBuildPhase section */
		B841571922FE5C510065B5F4 /* Frameworks */ = {
			isa = PBXFrameworksBuildPhase;
			buildActionMask = 2147483647;
			files = (
				839AB01AED5AA41B323FD6CC /* Pods_GitFind.framework in Frameworks */,
			);
			runOnlyForDeploymentPostprocessing = 0;
		};
/* End PBXFrameworksBuildPhase section */

/* Begin PBXGroup section */
		B841571322FE5C510065B5F4 = {
			isa = PBXGroup;
			children = (
				B841571E22FE5C510065B5F4 /* GitFind */,
				B841571D22FE5C510065B5F4 /* Products */,
				BF876E04FA76C60515B699E5 /* Pods */,
				BD65EBD88EFBBF099C6C9311 /* Frameworks */,
			);
			sourceTree = "<group>";
		};
		B841571D22FE5C510065B5F4 /* Products */ = {
			isa = PBXGroup;
			children = (
				B841571C22FE5C510065B5F4 /* GitFind.app */,
			);
			name = Products;
			sourceTree = "<group>";
		};
		B841571E22FE5C510065B5F4 /* GitFind */ = {
			isa = PBXGroup;
			children = (
				B841573422FE5DD50065B5F4 /* API */,
				B841573122FE5CCD0065B5F4 /* Application */,
				B841574B22FE6BE10065B5F4 /* Extras */,
				B841573322FE5DC40065B5F4 /* Modules */,
				B841573222FE5CDA0065B5F4 /* Resources */,
			);
			path = GitFind;
			sourceTree = "<group>";
		};
		B841573122FE5CCD0065B5F4 /* Application */ = {
			isa = PBXGroup;
			children = (
				B841571F22FE5C510065B5F4 /* AppDelegate.swift */,
				B841572822FE5C520065B5F4 /* LaunchScreen.storyboard */,
				B841572B22FE5C520065B5F4 /* Info.plist */,
			);
			path = Application;
			sourceTree = "<group>";
		};
		B841573222FE5CDA0065B5F4 /* Resources */ = {
			isa = PBXGroup;
			children = (
				B841572622FE5C520065B5F4 /* Assets.xcassets */,
			);
			path = Resources;
			sourceTree = "<group>";
		};
		B841573322FE5DC40065B5F4 /* Modules */ = {
			isa = PBXGroup;
			children = (
				B841573822FE5FFE0065B5F4 /* Main */,
				B89C10682304C5D10025246F /* UserDetails */,
			);
			path = Modules;
			sourceTree = "<group>";
		};
		B841573422FE5DD50065B5F4 /* API */ = {
			isa = PBXGroup;
			children = (
				B841573522FE5DFE0065B5F4 /* Model */,
				B841573F22FE61040065B5F4 /* Request */,
			);
			path = API;
			sourceTree = "<group>";
		};
		B841573522FE5DFE0065B5F4 /* Model */ = {
			isa = PBXGroup;
			children = (
				B841573622FE5E310065B5F4 /* User.swift */,
				B89C10642303A2E20025246F /* Repo.swift */,
			);
			path = Model;
			sourceTree = "<group>";
		};
		B841573822FE5FFE0065B5F4 /* Main */ = {
			isa = PBXGroup;
			children = (
				B841574622FE69730065B5F4 /* Cell */,
				B841573D22FE605A0065B5F4 /* MainPresenter.swift */,
				B841574222FE61A00065B5F4 /* MainViewController.swift */,
				B841574322FE61A00065B5F4 /* MainViewController.xib */,
			);
			path = Main;
			sourceTree = "<group>";
		};
		B841573F22FE61040065B5F4 /* Request */ = {
			isa = PBXGroup;
			children = (
				B841575322FE925B0065B5F4 /* UserRequest.swift */,
				B89C10662304BA060025246F /* RepoRequest.swift */,
			);
			path = Request;
			sourceTree = "<group>";
		};
		B841574622FE69730065B5F4 /* Cell */ = {
			isa = PBXGroup;
			children = (
				B841574722FE69B80065B5F4 /* MainTableViewCell.swift */,
				B841574822FE69B80065B5F4 /* MainTableViewCell.xib */,
			);
			path = Cell;
			sourceTree = "<group>";
		};
		B841574B22FE6BE10065B5F4 /* Extras */ = {
			isa = PBXGroup;
			children = (
				B841574E22FE75360065B5F4 /* ReusableCells.swift */,
			);
			path = Extras;
			sourceTree = "<group>";
		};
		B89C10682304C5D10025246F /* UserDetails */ = {
			isa = PBXGroup;
			children = (
				B89C106F2304D59B0025246F /* Cell */,
				B89C106D2304D3060025246F /* UserDetailsPresenter.swift */,
				B89C10692304D1B80025246F /* UserDetailsViewController.swift */,
				B89C106A2304D1B80025246F /* UserDetailsViewController.xib */,
			);
			path = UserDetails;
			sourceTree = "<group>";
		};
		B89C106F2304D59B0025246F /* Cell */ = {
			isa = PBXGroup;
			children = (
				B89C10702304D5C40025246F /* UserDetailsTableViewCell.swift */,
				B89C10712304D5C40025246F /* UserDetailsTableViewCell.xib */,
			);
			path = Cell;
			sourceTree = "<group>";
		};
		BD65EBD88EFBBF099C6C9311 /* Frameworks */ = {
			isa = PBXGroup;
			children = (
				E532BFF76B7F16899ECDBB90 /* Pods_GitFind.framework */,
			);
			name = Frameworks;
			sourceTree = "<group>";
		};
		BF876E04FA76C60515B699E5 /* Pods */ = {
			isa = PBXGroup;
			children = (
				1B53C42BDC64626A64D97CBB /* Pods-GitFind.debug.xcconfig */,
				CD2082155BE4CEBB88EAC075 /* Pods-GitFind.release.xcconfig */,
			);
			path = Pods;
			sourceTree = "<group>";
		};
/* End PBXGroup section */

/* Begin PBXNativeTarget section */
		B841571B22FE5C510065B5F4 /* GitFind */ = {
			isa = PBXNativeTarget;
			buildConfigurationList = B841572E22FE5C520065B5F4 /* Build configuration list for PBXNativeTarget "GitFind" */;
			buildPhases = (
				643E5FD108B17C711D542B9F /* [CP] Check Pods Manifest.lock */,
				B841571822FE5C510065B5F4 /* Sources */,
				B841571922FE5C510065B5F4 /* Frameworks */,
				B841571A22FE5C510065B5F4 /* Resources */,
				0A106BB3681BB11C19B1E1E8 /* [CP] Embed Pods Frameworks */,
			);
			buildRules = (
			);
			dependencies = (
			);
			name = GitFind;
			productName = GitFind;
			productReference = B841571C22FE5C510065B5F4 /* GitFind.app */;
			productType = "com.apple.product-type.application";
		};
/* End PBXNativeTarget section */

/* Begin PBXProject section */
		B841571422FE5C510065B5F4 /* Project object */ = {
			isa = PBXProject;
			attributes = {
				LastSwiftUpdateCheck = 1020;
				LastUpgradeCheck = 1020;
				ORGANIZATIONNAME = "Tassio Siciliano";
				TargetAttributes = {
					B841571B22FE5C510065B5F4 = {
						CreatedOnToolsVersion = 10.2.1;
					};
				};
			};
			buildConfigurationList = B841571722FE5C510065B5F4 /* Build configuration list for PBXProject "GitFind" */;
			compatibilityVersion = "Xcode 9.3";
			developmentRegion = en;
			hasScannedForEncodings = 0;
			knownRegions = (
				en,
				Base,
			);
			mainGroup = B841571322FE5C510065B5F4;
			productRefGroup = B841571D22FE5C510065B5F4 /* Products */;
			projectDirPath = "";
			projectRoot = "";
			targets = (
				B841571B22FE5C510065B5F4 /* GitFind */,
			);
		};
/* End PBXProject section */

/* Begin PBXResourcesBuildPhase section */
		B841571A22FE5C510065B5F4 /* Resources */ = {
			isa = PBXResourcesBuildPhase;
			buildActionMask = 2147483647;
			files = (
				B89C106C2304D1B80025246F /* UserDetailsViewController.xib in Resources */,
				B841572A22FE5C520065B5F4 /* LaunchScreen.storyboard in Resources */,
				B841574522FE61A00065B5F4 /* MainViewController.xib in Resources */,
				B841574A22FE69B80065B5F4 /* MainTableViewCell.xib in Resources */,
				B841572722FE5C520065B5F4 /* Assets.xcassets in Resources */,
				B89C10732304D5C40025246F /* UserDetailsTableViewCell.xib in Resources */,
			);
			runOnlyForDeploymentPostprocessing = 0;
		};
/* End PBXResourcesBuildPhase section */

/* Begin PBXShellScriptBuildPhase section */
		0A106BB3681BB11C19B1E1E8 /* [CP] Embed Pods Frameworks */ = {
			isa = PBXShellScriptBuildPhase;
			buildActionMask = 2147483647;
			files = (
			);
			inputFileListPaths = (
				"${PODS_ROOT}/Target Support Files/Pods-GitFind/Pods-GitFind-frameworks-${CONFIGURATION}-input-files.xcfilelist",
			);
			name = "[CP] Embed Pods Frameworks";
			outputFileListPaths = (
				"${PODS_ROOT}/Target Support Files/Pods-GitFind/Pods-GitFind-frameworks-${CONFIGURATION}-output-files.xcfilelist",
			);
			runOnlyForDeploymentPostprocessing = 0;
			shellPath = /bin/sh;
			shellScript = "\"${PODS_ROOT}/Target Support Files/Pods-GitFind/Pods-GitFind-frameworks.sh\"\n";
			showEnvVarsInLog = 0;
		};
		643E5FD108B17C711D542B9F /* [CP] Check Pods Manifest.lock */ = {
			isa = PBXShellScriptBuildPhase;
			buildActionMask = 2147483647;
			files = (
			);
			inputFileListPaths = (
			);
			inputPaths = (
				"${PODS_PODFILE_DIR_PATH}/Podfile.lock",
				"${PODS_ROOT}/Manifest.lock",
			);
			name = "[CP] Check Pods Manifest.lock";
			outputFileListPaths = (
			);
			outputPaths = (
				"$(DERIVED_FILE_DIR)/Pods-GitFind-checkManifestLockResult.txt",
			);
			runOnlyForDeploymentPostprocessing = 0;
			shellPath = /bin/sh;
			shellScript = "diff \"${PODS_PODFILE_DIR_PATH}/Podfile.lock\" \"${PODS_ROOT}/Manifest.lock\" > /dev/null\nif [ $? != 0 ] ; then\n    # print error to STDERR\n    echo \"error: The sandbox is not in sync with the Podfile.lock. Run 'pod install' or update your CocoaPods installation.\" >&2\n    exit 1\nfi\n# This output is used by Xcode 'outputs' to avoid re-running this script phase.\necho \"SUCCESS\" > \"${SCRIPT_OUTPUT_FILE_0}\"\n";
			showEnvVarsInLog = 0;
		};
/* End PBXShellScriptBuildPhase section */

/* Begin PBXSourcesBuildPhase section */
		B841571822FE5C510065B5F4 /* Sources */ = {
			isa = PBXSourcesBuildPhase;
			buildActionMask = 2147483647;
			files = (
				B841573722FE5E310065B5F4 /* User.swift in Sources */,
				B89C10672304BA060025246F /* RepoRequest.swift in Sources */,
				B89C106B2304D1B80025246F /* UserDetailsViewController.swift in Sources */,
				B841572022FE5C510065B5F4 /* AppDelegate.swift in Sources */,
				B89C106E2304D3060025246F /* UserDetailsPresenter.swift in Sources */,
				B841573E22FE605A0065B5F4 /* MainPresenter.swift in Sources */,
				B841575422FE925B0065B5F4 /* UserRequest.swift in Sources */,
				B841574422FE61A00065B5F4 /* MainViewController.swift in Sources */,
				B841574F22FE75360065B5F4 /* ReusableCells.swift in Sources */,
				B89C10652303A2E20025246F /* Repo.swift in Sources */,
				B89C10722304D5C40025246F /* UserDetailsTableViewCell.swift in Sources */,
				B841574922FE69B80065B5F4 /* MainTableViewCell.swift in Sources */,
			);
			runOnlyForDeploymentPostprocessing = 0;
		};
/* End PBXSourcesBuildPhase section */

/* Begin PBXVariantGroup section */
		B841572822FE5C520065B5F4 /* LaunchScreen.storyboard */ = {
			isa = PBXVariantGroup;
			children = (
				B841572922FE5C520065B5F4 /* Base */,
			);
			name = LaunchScreen.storyboard;
			sourceTree = "<group>";
		};
/* End PBXVariantGroup section */

/* Begin XCBuildConfiguration section */
		B841572C22FE5C520065B5F4 /* Debug */ = {
			isa = XCBuildConfiguration;
			buildSettings = {
				ALWAYS_SEARCH_USER_PATHS = NO;
				CLANG_ANALYZER_NONNULL = YES;
				CLANG_ANALYZER_NUMBER_OBJECT_CONVERSION = YES_AGGRESSIVE;
				CLANG_CXX_LANGUAGE_STANDARD = "gnu++14";
				CLANG_CXX_LIBRARY = "libc++";
				CLANG_ENABLE_MODULES = YES;
				CLANG_ENABLE_OBJC_ARC = YES;
				CLANG_ENABLE_OBJC_WEAK = YES;
				CLANG_WARN_BLOCK_CAPTURE_AUTORELEASING = YES;
				CLANG_WARN_BOOL_CONVERSION = YES;
				CLANG_WARN_COMMA = YES;
				CLANG_WARN_CONSTANT_CONVERSION = YES;
				CLANG_WARN_DEPRECATED_OBJC_IMPLEMENTATIONS = YES;
				CLANG_WARN_DIRECT_OBJC_ISA_USAGE = YES_ERROR;
				CLANG_WARN_DOCUMENTATION_COMMENTS = YES;
				CLANG_WARN_EMPTY_BODY = YES;
				CLANG_WARN_ENUM_CONVERSION = YES;
				CLANG_WARN_INFINITE_RECURSION = YES;
				CLANG_WARN_INT_CONVERSION = YES;
				CLANG_WARN_NON_LITERAL_NULL_CONVERSION = YES;
				CLANG_WARN_OBJC_IMPLICIT_RETAIN_SELF = YES;
				CLANG_WARN_OBJC_LITERAL_CONVERSION = YES;
				CLANG_WARN_OBJC_ROOT_CLASS = YES_ERROR;
				CLANG_WARN_RANGE_LOOP_ANALYSIS = YES;
				CLANG_WARN_STRICT_PROTOTYPES = YES;
				CLANG_WARN_SUSPICIOUS_MOVE = YES;
				CLANG_WARN_UNGUARDED_AVAILABILITY = YES_AGGRESSIVE;
				CLANG_WARN_UNREACHABLE_CODE = YES;
				CLANG_WARN__DUPLICATE_METHOD_MATCH = YES;
				CODE_SIGN_IDENTITY = "iPhone Developer";
				COPY_PHASE_STRIP = NO;
				DEBUG_INFORMATION_FORMAT = dwarf;
				ENABLE_STRICT_OBJC_MSGSEND = YES;
				ENABLE_TESTABILITY = YES;
				GCC_C_LANGUAGE_STANDARD = gnu11;
				GCC_DYNAMIC_NO_PIC = NO;
				GCC_NO_COMMON_BLOCKS = YES;
				GCC_OPTIMIZATION_LEVEL = 0;
				GCC_PREPROCESSOR_DEFINITIONS = (
					"DEBUG=1",
					"$(inherited)",
				);
				GCC_WARN_64_TO_32_BIT_CONVERSION = YES;
				GCC_WARN_ABOUT_RETURN_TYPE = YES_ERROR;
				GCC_WARN_UNDECLARED_SELECTOR = YES;
				GCC_WARN_UNINITIALIZED_AUTOS = YES_AGGRESSIVE;
				GCC_WARN_UNUSED_FUNCTION = YES;
				GCC_WARN_UNUSED_VARIABLE = YES;
				IPHONEOS_DEPLOYMENT_TARGET = 12.2;
				MTL_ENABLE_DEBUG_INFO = INCLUDE_SOURCE;
				MTL_FAST_MATH = YES;
				ONLY_ACTIVE_ARCH = YES;
				SDKROOT = iphoneos;
				SWIFT_ACTIVE_COMPILATION_CONDITIONS = DEBUG;
				SWIFT_OPTIMIZATION_LEVEL = "-Onone";
			};
			name = Debug;
		};
		B841572D22FE5C520065B5F4 /* Release */ = {
			isa = XCBuildConfiguration;
			buildSettings = {
				ALWAYS_SEARCH_USER_PATHS = NO;
				CLANG_ANALYZER_NONNULL = YES;
				CLANG_ANALYZER_NUMBER_OBJECT_CONVERSION = YES_AGGRESSIVE;
				CLANG_CXX_LANGUAGE_STANDARD = "gnu++14";
				CLANG_CXX_LIBRARY = "libc++";
				CLANG_ENABLE_MODULES = YES;
				CLANG_ENABLE_OBJC_ARC = YES;
				CLANG_ENABLE_OBJC_WEAK = YES;
				CLANG_WARN_BLOCK_CAPTURE_AUTORELEASING = YES;
				CLANG_WARN_BOOL_CONVERSION = YES;
				CLANG_WARN_COMMA = YES;
				CLANG_WARN_CONSTANT_CONVERSION = YES;
				CLANG_WARN_DEPRECATED_OBJC_IMPLEMENTATIONS = YES;
				CLANG_WARN_DIRECT_OBJC_ISA_USAGE = YES_ERROR;
				CLANG_WARN_DOCUMENTATION_COMMENTS = YES;
				CLANG_WARN_EMPTY_BODY = YES;
				CLANG_WARN_ENUM_CONVERSION = YES;
				CLANG_WARN_INFINITE_RECURSION = YES;
				CLANG_WARN_INT_CONVERSION = YES;
				CLANG_WARN_NON_LITERAL_NULL_CONVERSION = YES;
				CLANG_WARN_OBJC_IMPLICIT_RETAIN_SELF = YES;
				CLANG_WARN_OBJC_LITERAL_CONVERSION = YES;
				CLANG_WARN_OBJC_ROOT_CLASS = YES_ERROR;
				CLANG_WARN_RANGE_LOOP_ANALYSIS = YES;
				CLANG_WARN_STRICT_PROTOTYPES = YES;
				CLANG_WARN_SUSPICIOUS_MOVE = YES;
				CLANG_WARN_UNGUARDED_AVAILABILITY = YES_AGGRESSIVE;
				CLANG_WARN_UNREACHABLE_CODE = YES;
				CLANG_WARN__DUPLICATE_METHOD_MATCH = YES;
				CODE_SIGN_IDENTITY = "iPhone Developer";
				COPY_PHASE_STRIP = NO;
				DEBUG_INFORMATION_FORMAT = "dwarf-with-dsym";
				ENABLE_NS_ASSERTIONS = NO;
				ENABLE_STRICT_OBJC_MSGSEND = YES;
				GCC_C_LANGUAGE_STANDARD = gnu11;
				GCC_NO_COMMON_BLOCKS = YES;
				GCC_WARN_64_TO_32_BIT_CONVERSION = YES;
				GCC_WARN_ABOUT_RETURN_TYPE = YES_ERROR;
				GCC_WARN_UNDECLARED_SELECTOR = YES;
				GCC_WARN_UNINITIALIZED_AUTOS = YES_AGGRESSIVE;
				GCC_WARN_UNUSED_FUNCTION = YES;
				GCC_WARN_UNUSED_VARIABLE = YES;
				IPHONEOS_DEPLOYMENT_TARGET = 12.2;
				MTL_ENABLE_DEBUG_INFO = NO;
				MTL_FAST_MATH = YES;
				SDKROOT = iphoneos;
				SWIFT_COMPILATION_MODE = wholemodule;
				SWIFT_OPTIMIZATION_LEVEL = "-O";
				VALIDATE_PRODUCT = YES;
			};
			name = Release;
		};
		B841572F22FE5C520065B5F4 /* Debug */ = {
			isa = XCBuildConfiguration;
			baseConfigurationReference = 1B53C42BDC64626A64D97CBB /* Pods-GitFind.debug.xcconfig */;
			buildSettings = {
				ASSETCATALOG_COMPILER_APPICON_NAME = AppIcon;
				CODE_SIGN_STYLE = Automatic;
				DEVELOPMENT_TEAM = W44FG7W243;
				INFOPLIST_FILE = "$(SRCROOT)/GitFind/Application/Info.plist";
				LD_RUNPATH_SEARCH_PATHS = (
					"$(inherited)",
					"@executable_path/Frameworks",
				);
				PRODUCT_BUNDLE_IDENTIFIER = com.tassiosiciliano.GitFind;
				PRODUCT_NAME = "$(TARGET_NAME)";
				SWIFT_VERSION = 5.0;
				TARGETED_DEVICE_FAMILY = "1,2";
			};
			name = Debug;
		};
		B841573022FE5C520065B5F4 /* Release */ = {
			isa = XCBuildConfiguration;
			baseConfigurationReference = CD2082155BE4CEBB88EAC075 /* Pods-GitFind.release.xcconfig */;
			buildSettings = {
				ASSETCATALOG_COMPILER_APPICON_NAME = AppIcon;
				CODE_SIGN_STYLE = Automatic;
				DEVELOPMENT_TEAM = W44FG7W243;
				INFOPLIST_FILE = "$(SRCROOT)/GitFind/Application/Info.plist";
				LD_RUNPATH_SEARCH_PATHS = (
					"$(inherited)",
					"@executable_path/Frameworks",
				);
				PRODUCT_BUNDLE_IDENTIFIER = com.tassiosiciliano.GitFind;
				PRODUCT_NAME = "$(TARGET_NAME)";
				SWIFT_VERSION = 5.0;
				TARGETED_DEVICE_FAMILY = "1,2";
			};
			name = Release;
		};
/* End XCBuildConfiguration section */

/* Begin XCConfigurationList section */
		B841571722FE5C510065B5F4 /* Build configuration list for PBXProject "GitFind" */ = {
			isa = XCConfigurationList;
			buildConfigurations = (
				B841572C22FE5C520065B5F4 /* Debug */,
				B841572D22FE5C520065B5F4 /* Release */,
			);
			defaultConfigurationIsVisible = 0;
			defaultConfigurationName = Release;
		};
		B841572E22FE5C520065B5F4 /* Build configuration list for PBXNativeTarget "GitFind" */ = {
			isa = XCConfigurationList;
			buildConfigurations = (
				B841572F22FE5C520065B5F4 /* Debug */,
				B841573022FE5C520065B5F4 /* Release */,
			);
			defaultConfigurationIsVisible = 0;
			defaultConfigurationName = Release;
		};
/* End XCConfigurationList section */
	};
	rootObject = B841571422FE5C510065B5F4 /* Project object */;
}
